
Microsoft Visual Studio Solution File, Format Version 12.00
# Visual Studio Version 17
VisualStudioVersion = 17.11.35312.102
MinimumVisualStudioVersion = 10.0.40219.1
Project("{FAE04EC0-301F-11D3-BF4B-00C04F79EFBC}") = "3x-1", "3x-1.csproj", "{365A50E2-24B2-48D4-A35E-FAD7F9498B65}"
EndProject
Global
	GlobalSection(SolutionConfigurationPlatforms) = preSolution
		Debug|Any CPU = Debug|Any CPU
		Release|Any CPU = Release|Any CPU
	EndGlobalSection
	GlobalSection(ProjectConfigurationPlatforms) = postSolution
		{365A50E2-24B2-48D4-A35E-FAD7F9498B65}.Debug|Any CPU.ActiveCfg = Debug|Any CPU
		{365A50E2-24B2-48D4-A35E-FAD7F9498B65}.Debug|Any CPU.Build.0 = Debug|Any CPU
		{365A50E2-24B2-48D4-A35E-FAD7F9498B65}.Release|Any CPU.ActiveCfg = Release|Any CPU
		{365A50E2-24B2-48D4-A35E-FAD7F9498B65}.Release|Any CPU.Build.0 = Release|Any CPU
	EndGlobalSection
	GlobalSection(SolutionProperties) = preSolution
		HideSolutionNode = FALSE
	EndGlobalSection
	GlobalSection(ExtensibilityGlobals) = postSolution
		SolutionGuid = {787BC5E0-EAFD-46FB-B65B-FD178DB85B69}
	EndGlobalSection
EndGlobal
